{
  "dependencies": {
    "apn": {
      "version": "1.7.4",
      "dependencies": {
        "debug": {
          "version": "2.2.0",
          "dependencies": {
            "ms": {
              "version": "0.7.1"
            }
          }
        },
        "node-forge": {
          "version": "0.6.30"
        },
        "q": {
          "version": "1.4.1"
        }
      }
    }
  }
}
